dependencies:
  gh-pages: 2.2.0
  glob: 7.1.6
  markdown-it: 10.0.0
  yaml: 1.10.0
lockfileVersion: 5.1
packages:
  /argparse/1.0.10:
    dependencies:
      sprintf-js: 1.0.3
    dev: false
    resolution:
      integrity: sha512-o5Roy6tNG4SL/FOkCAN6RzjiakZS25RLYFrcMttJqbdd8BWrnA+fGz57iN5Pb06pvBGvl5gQ0B48dJlslXvoTg==
  /array-union/1.0.2:
    dependencies:
      array-uniq: 1.0.3
    dev: false
    engines:
      node: '>=0.10.0'
    resolution:
      integrity: sha1-mjRBDk9OPaI96jdb5b5w8kd47Dk=
  /array-uniq/1.0.3:
    dev: false
    engines:
      node: '>=0.10.0'
    resolution:
      integrity: sha1-r2rId6Jcx/dOBYiUdThY39sk/bY=
  /async/2.6.3:
    dependencies:
      lodash: 4.17.20
    dev: false
    resolution:
      integrity: sha512-zflvls11DCy+dQWzTW2dzuilv8Z5X/pjfmZOWba6TNIVDm+2UDaJmXSOXlasHKfNBs8oo3M0aT50fDEWfKZjXg==
  /balanced-match/1.0.0:
    dev: false
    resolution:
      integrity: sha1-ibTRmasr7kneFk6gK4nORi1xt2c=
  /brace-expansion/1.1.11:
    dependencies:
      balanced-match: 1.0.0
      concat-map: 0.0.1
    dev: false
    resolution:
      integrity: sha512-iCuPHDFgrHX7H2vEI/5xpz07zSHB00TpugqhmYtVmMO6518mCuRMoOYFldEBl0g187ufozdaHgWKcYFb61qGiA==
  /commander/2.20.3:
    dev: false
    resolution:
      integrity: sha512-GpVkmM8vF2vQUkj2LvZmD35JxeJOLCwJ9cUkugyk2nuhbv3+mJvpLYYt+0+USMxE+oj+ey/lJEnhZw75x/OMcQ==
  /concat-map/0.0.1:
    dev: false
    resolution:
      integrity: sha1-2Klr13/Wjfd5OnMDajug1UBdR3s=
  /email-addresses/3.1.0:
    dev: false
    resolution:
      integrity: sha512-k0/r7GrWVL32kZlGwfPNgB2Y/mMXVTq/decgLczm/j34whdaspNrZO8CnXPf1laaHxI6ptUlsnAxN+UAPw+fzg==
  /entities/2.0.3:
    dev: false
    resolution:
      integrity: sha512-MyoZ0jgnLvB2X3Lg5HqpFmn1kybDiIfEQmKzTb5apr51Rb+T3KdmMiqa70T+bhGnyv7bQ6WMj2QMHpGMmlrUYQ==
  /escape-string-regexp/1.0.5:
    dev: false
    engines:
      node: '>=0.8.0'
    resolution:
      integrity: sha1-G2HAViGQqN/2rjuyzwIAyhMLhtQ=
  /filename-reserved-regex/1.0.0:
    dev: false
    engines:
      node: '>=0.10.0'
    resolution:
      integrity: sha1-5hz4BfDeHJhFZ9A4bcXfUO5a9+Q=
  /filenamify-url/1.0.0:
    dependencies:
      filenamify: 1.2.1
      humanize-url: 1.0.1
    dev: false
    engines:
      node: '>=0.10.0'
    resolution:
      integrity: sha1-syvYExnvWGO3MHi+1Q9GpPeXX1A=
  /filenamify/1.2.1:
    dependencies:
      filename-reserved-regex: 1.0.0
      strip-outer: 1.0.1
      trim-repeated: 1.0.0
    dev: false
    engines:
      node: '>=0.10.0'
    resolution:
      integrity: sha1-qfL/0RxQO+0wABUCknI3jx8TZaU=
  /fs-extra/8.1.0:
    dependencies:
      graceful-fs: 4.2.4
      jsonfile: 4.0.0
      universalify: 0.1.2
    dev: false
    engines:
      node: '>=6 <7 || >=8'
    resolution:
      integrity: sha512-yhlQgA6mnOJUKOsRUFsgJdQCvkKhcz8tlZG5HBQfReYZy46OwLcY+Zia0mtdHsOo9y/hP+CxMN0TU9QxoOtG4g==
  /fs.realpath/1.0.0:
    dev: false
    resolution:
      integrity: sha1-FQStJSMVjKpA20onh8sBQRmU6k8=
  /gh-pages/2.2.0:
    dependencies:
      async: 2.6.3
      commander: 2.20.3
      email-addresses: 3.1.0
      filenamify-url: 1.0.0
      fs-extra: 8.1.0
      globby: 6.1.0
    dev: false
    engines:
      node: '>=6'
    hasBin: true
    resolution:
      integrity: sha512-c+yPkNOPMFGNisYg9r4qvsMIjVYikJv7ImFOhPIVPt0+AcRUamZ7zkGRLHz7FKB0xrlZ+ddSOJsZv9XAFVXLmA==
  /glob/7.1.6:
    dependencies:
      fs.realpath: 1.0.0
      inflight: 1.0.6
      inherits: 2.0.4
      minimatch: 3.0.4
      once: 1.4.0
      path-is-absolute: 1.0.1
    dev: false
    resolution:
      integrity: sha512-LwaxwyZ72Lk7vZINtNNrywX0ZuLyStrdDtabefZKAY5ZGJhVtgdznluResxNmPitE0SAO+O26sWTHeKSI2wMBA==
  /globby/6.1.0:
    dependencies:
      array-union: 1.0.2
      glob: 7.1.6
      object-assign: 4.1.1
      pify: 2.3.0
      pinkie-promise: 2.0.1
    dev: false
    engines:
      node: '>=0.10.0'
    resolution:
      integrity: sha1-9abXDoOV4hyFj7BInWTfAkJNUGw=
  /graceful-fs/4.2.4:
    dev: false
    resolution:
      integrity: sha512-WjKPNJF79dtJAVniUlGGWHYGz2jWxT6VhN/4m1NdkbZ2nOsEF+cI1Edgql5zCRhs/VsQYRvrXctxktVXZUkixw==
  /humanize-url/1.0.1:
    dependencies:
      normalize-url: 1.9.1
      strip-url-auth: 1.0.1
    dev: false
    engines:
      node: '>=0.10.0'
    resolution:
      integrity: sha1-9KuZ4NKIF0yk4eUEB8VfuuRk7/8=
  /inflight/1.0.6:
    dependencies:
      once: 1.4.0
      wrappy: 1.0.2
    dev: false
    resolution:
      integrity: sha1-Sb1jMdfQLQwJvJEKEHW6gWW1bfk=
  /inherits/2.0.4:
    dev: false
    resolution:
      integrity: sha512-k/vGaX4/Yla3WzyMCvTQOXYeIHvqOKtnqBduzTHpzpQZzAskKMhZ2K+EnBiSM9zGSoIFeMpXKxa4dYeZIQqewQ==
  /is-plain-obj/1.1.0:
    dev: false
    engines:
      node: '>=0.10.0'
    resolution:
      integrity: sha1-caUMhCnfync8kqOQpKA7OfzVHT4=
  /jsonfile/4.0.0:
    dev: false
    optionalDependencies:
      graceful-fs: 4.2.4
    resolution:
      integrity: sha1-h3Gq4HmbZAdrdmQPygWPnBDjPss=
  /linkify-it/2.2.0:
    dependencies:
      uc.micro: 1.0.6
    dev: false
    resolution:
      integrity: sha512-GnAl/knGn+i1U/wjBz3akz2stz+HrHLsxMwHQGofCDfPvlf+gDKN58UtfmUquTY4/MXeE2x7k19KQmeoZi94Iw==
  /lodash/4.17.20:
    dev: false
    resolution:
      integrity: sha512-PlhdFcillOINfeV7Ni6oF1TAEayyZBoZ8bcshTHqOYJYlrqzRK5hagpagky5o4HfCzzd1TRkXPMFq6cKk9rGmA==
  /markdown-it/10.0.0:
    dependencies:
      argparse: 1.0.10
      entities: 2.0.3
      linkify-it: 2.2.0
      mdurl: 1.0.1
      uc.micro: 1.0.6
    dev: false
    hasBin: true
    resolution:
      integrity: sha512-YWOP1j7UbDNz+TumYP1kpwnP0aEa711cJjrAQrzd0UXlbJfc5aAq0F/PZHjiioqDC1NKgvIMX+o+9Bk7yuM2dg==
  /mdurl/1.0.1:
    dev: false
    resolution:
      integrity: sha1-/oWy7HWlkDfyrf7BAP1sYBdhFS4=
  /minimatch/3.0.4:
    dependencies:
      brace-expansion: 1.1.11
    dev: false
    resolution:
      integrity: sha512-yJHVQEhyqPLUTgt9B83PXu6W3rx4MvvHvSUvToogpwoGDOUQ+yDrR0HRot+yOCdCO7u4hX3pWft6kWBBcqh0UA==
  /normalize-url/1.9.1:
    dependencies:
      object-assign: 4.1.1
      prepend-http: 1.0.4
      query-string: 4.3.4
      sort-keys: 1.1.2
    dev: false
    engines:
      node: '>=4'
    resolution:
      integrity: sha1-LMDWazHqIwNkWENuNiDYWVTGbDw=
  /object-assign/4.1.1:
    dev: false
    engines:
      node: '>=0.10.0'
    resolution:
      integrity: sha1-IQmtx5ZYh8/AXLvUQsrIv7s2CGM=
  /once/1.4.0:
    dependencies:
      wrappy: 1.0.2
    dev: false
    resolution:
      integrity: sha1-WDsap3WWHUsROsF9nFC6753Xa9E=
  /path-is-absolute/1.0.1:
    dev: false
    engines:
      node: '>=0.10.0'
    resolution:
      integrity: sha1-F0uSaHNVNP+8es5r9TpanhtcX18=
  /pify/2.3.0:
    dev: false
    engines:
      node: '>=0.10.0'
    resolution:
      integrity: sha1-7RQaasBDqEnqWISY59yosVMw6Qw=
  /pinkie-promise/2.0.1:
    dependencies:
      pinkie: 2.0.4
    dev: false
    engines:
      node: '>=0.10.0'
    resolution:
      integrity: sha1-ITXW36ejWMBprJsXh3YogihFD/o=
  /pinkie/2.0.4:
    dev: false
    engines:
      node: '>=0.10.0'
    resolution:
      integrity: sha1-clVrgM+g1IqXToDnckjoDtT3+HA=
  /prepend-http/1.0.4:
    dev: false
    engines:
      node: '>=0.10.0'
    resolution:
      integrity: sha1-1PRWKwzjaW5BrFLQ4ALlemNdxtw=
  /query-string/4.3.4:
    dependencies:
      object-assign: 4.1.1
      strict-uri-encode: 1.1.0
    dev: false
    engines:
      node: '>=0.10.0'
    resolution:
      integrity: sha1-u7aTucqRXCMlFbIosaArYJBD2+s=
  /sort-keys/1.1.2:
    dependencies:
      is-plain-obj: 1.1.0
    dev: false
    engines:
      node: '>=0.10.0'
    resolution:
      integrity: sha1-RBttTTRnmPG05J6JIK37oOVD+a0=
  /sprintf-js/1.0.3:
    dev: false
    resolution:
      integrity: sha1-BOaSb2YolTVPPdAVIDYzuFcpfiw=
  /strict-uri-encode/1.1.0:
    dev: false
    engines:
      node: '>=0.10.0'
    resolution:
      integrity: sha1-J5siXfHVgrH1TmWt3UNS4Y+qBxM=
  /strip-outer/1.0.1:
    dependencies:
      escape-string-regexp: 1.0.5
    dev: false
    engines:
      node: '>=0.10.0'
    resolution:
      integrity: sha512-k55yxKHwaXnpYGsOzg4Vl8+tDrWylxDEpknGjhTiZB8dFRU5rTo9CAzeycivxV3s+zlTKwrs6WxMxR95n26kwg==
  /strip-url-auth/1.0.1:
    dev: false
    engines:
      node: '>=0.10.0'
    resolution:
      integrity: sha1-IrD6OkE4WzO+PzMVUbu4N/oM164=
  /trim-repeated/1.0.0:
    dependencies:
      escape-string-regexp: 1.0.5
    dev: false
    engines:
      node: '>=0.10.0'
    resolution:
      integrity: sha1-42RqLqTokTEr9+rObPsFOAvAHCE=
  /uc.micro/1.0.6:
    dev: false
    resolution:
      integrity: sha512-8Y75pvTYkLJW2hWQHXxoqRgV7qb9B+9vFEtidML+7koHUFapnVJAZ6cKs+Qjz5Aw3aZWHMC6u0wJE3At+nSGwA==
  /universalify/0.1.2:
    dev: false
    engines:
      node: '>= 4.0.0'
    resolution:
      integrity: sha512-rBJeI5CXAlmy1pV+617WB9J63U6XcazHHF2f2dbJix4XzpUF0RS3Zbj0FGIOCAva5P/d/GBOYaACQ1w+0azUkg==
  /wrappy/1.0.2:
    dev: false
    resolution:
      integrity: sha1-tSQ9jz7BqjXxNkYFvA0QNuMKtp8=
  /yaml/1.10.0:
    dev: false
    engines:
      node: '>= 6'
    resolution:
      integrity: sha512-yr2icI4glYaNG+KWONODapy2/jDdMSDnrONSjblABjD9B4Z5LgiircSt8m8sRZFNi08kG9Sm0uSHtEmP3zaEGg==
specifiers:
  gh-pages: ^2.2.0
  glob: ^7.1.6
  markdown-it: ^10.0.0
  yaml: ^1.7.2
